
Microsoft Visual Studio Solution File, Format Version 12.00
# Visual Studio Version 16
VisualStudioVersion = 16.0.29911.84
MinimumVisualStudioVersion = 10.0.40219.1
Project("{FAE04EC0-301F-11D3-BF4B-00C04F79EFBC}") = "Vaxium V.2 I2", "Vaxium V.2 I2\Vaxium V.2 I2.csproj", "{2FA98ED6-B7E0-4244-A906-C0C1089FA082}"
EndProject
Global
	GlobalSection(SolutionConfigurationPlatforms) = preSolution
		Debug|Any CPU = Debug|Any CPU
		Release|Any CPU = Release|Any CPU
	EndGlobalSection
	GlobalSection(ProjectConfigurationPlatforms) = postSolution
		{2FA98ED6-B7E0-4244-A906-C0C1089FA082}.Debug|Any CPU.ActiveCfg = Debug|Any CPU
		{2FA98ED6-B7E0-4244-A906-C0C1089FA082}.Debug|Any CPU.Build.0 = Debug|Any CPU
		{2FA98ED6-B7E0-4244-A906-C0C1089FA082}.Release|Any CPU.ActiveCfg = Release|Any CPU
		{2FA98ED6-B7E0-4244-A906-C0C1089FA082}.Release|Any CPU.Build.0 = Release|Any CPU
	EndGlobalSection
	GlobalSection(SolutionProperties) = preSolution
		HideSolutionNode = FALSE
	EndGlobalSection
	GlobalSection(ExtensibilityGlobals) = postSolution
		SolutionGuid = {A468C32C-752E-491D-A6E8-4B50E740E1D0}
	EndGlobalSection
EndGlobal
